
Microsoft Visual Studio Solution File, Format Version 12.00
# Visual Studio Version 17
VisualStudioVersion = 17.13.35931.197 d17.13
MinimumVisualStudioVersion = 10.0.40219.1
Project("{FAE04EC0-301F-11D3-BF4B-00C04F79EFBC}") = "Taschenrechner", "Taschenrechner\Taschenrechner.csproj", "{83CA58D9-D8E9-4F81-85C2-B182A9C1A209}"
EndProject
Global
	GlobalSection(SolutionConfigurationPlatforms) = preSolution
		Debug|Any CPU = Debug|Any CPU
		Release|Any CPU = Release|Any CPU
	EndGlobalSection
	GlobalSection(ProjectConfigurationPlatforms) = postSolution
		{83CA58D9-D8E9-4F81-85C2-B182A9C1A209}.Debug|Any CPU.ActiveCfg = Debug|Any CPU
		{83CA58D9-D8E9-4F81-85C2-B182A9C1A209}.Debug|Any CPU.Build.0 = Debug|Any CPU
		{83CA58D9-D8E9-4F81-85C2-B182A9C1A209}.Release|Any CPU.ActiveCfg = Release|Any CPU
		{83CA58D9-D8E9-4F81-85C2-B182A9C1A209}.Release|Any CPU.Build.0 = Release|Any CPU
	EndGlobalSection
	GlobalSection(SolutionProperties) = preSolution
		HideSolutionNode = FALSE
	EndGlobalSection
	GlobalSection(ExtensibilityGlobals) = postSolution
		SolutionGuid = {75A4F501-01EA-488D-A121-981B196402BC}
	EndGlobalSection
EndGlobal
